
Microsoft Visual Studio Solution File, Format Version 12.00
Project("{FAE04EC0-301F-11D3-BF4B-00C04F79EFBC}") = "NuneSports", "NuneSports.csproj", "{9C34DDD6-5ADE-4A70-8ED2-FB0A79192519}"
EndProject
Global
	GlobalSection(SolutionConfigurationPlatforms) = preSolution
		Debug|Any CPU = Debug|Any CPU
		Release|Any CPU = Release|Any CPU
	EndGlobalSection
	GlobalSection(ProjectConfigurationPlatforms) = postSolution
		{9C34DDD6-5ADE-4A70-8ED2-FB0A79192519}.Debug|Any CPU.ActiveCfg = Debug|Any CPU
		{9C34DDD6-5ADE-4A70-8ED2-FB0A79192519}.Debug|Any CPU.Build.0 = Debug|Any CPU
		{9C34DDD6-5ADE-4A70-8ED2-FB0A79192519}.Release|Any CPU.ActiveCfg = Release|Any CPU
		{9C34DDD6-5ADE-4A70-8ED2-FB0A79192519}.Release|Any CPU.Build.0 = Release|Any CPU
	EndGlobalSection
EndGlobal
